
Microsoft Visual Studio Solution File, Format Version 12.00
# Visual Studio Version 16
VisualStudioVersion = 16.0.32126.315
MinimumVisualStudioVersion = 10.0.40219.1
Project("{FAE04EC0-301F-11D3-BF4B-00C04F79EFBC}") = "EntityFrameworkDemo", "EntityFrameworkDemo\EntityFrameworkDemo.csproj", "{EA5B36F0-2D39-41B4-BB69-DF8608932906}"
EndProject
Global
	GlobalSection(SolutionConfigurationPlatforms) = preSolution
		Debug|Any CPU = Debug|Any CPU
		Release|Any CPU = Release|Any CPU
	EndGlobalSection
	GlobalSection(ProjectConfigurationPlatforms) = postSolution
		{EA5B36F0-2D39-41B4-BB69-DF8608932906}.Debug|Any CPU.ActiveCfg = Debug|Any CPU
		{EA5B36F0-2D39-41B4-BB69-DF8608932906}.Debug|Any CPU.Build.0 = Debug|Any CPU
		{EA5B36F0-2D39-41B4-BB69-DF8608932906}.Release|Any CPU.ActiveCfg = Release|Any CPU
		{EA5B36F0-2D39-41B4-BB69-DF8608932906}.Release|Any CPU.Build.0 = Release|Any CPU
	EndGlobalSection
	GlobalSection(SolutionProperties) = preSolution
		HideSolutionNode = FALSE
	EndGlobalSection
	GlobalSection(ExtensibilityGlobals) = postSolution
		SolutionGuid = {133FF7B1-A408-4E35-9677-FF7BD7183EB4}
	EndGlobalSection
EndGlobal
